PODS:
  - Alamofire (4.7.2)
  - Moya (11.0.2):
    - Moya/Core (= 11.0.2)
  - Moya/Core (11.0.2):
    - Alamofire (~> 4.1)
    - Result (~> 3.0)
  - Realm (3.5.0):
    - Realm/Headers (= 3.5.0)
  - Realm/Headers (3.5.0)
  - RealmSwift (3.5.0):
    - Realm (= 3.5.0)
  - Result (3.2.4)
  - SwiftMessages (4.1.2)
  - SwiftyJSON (4.1.0)

DEPENDENCIES:
  - Alamofire (~> 4.7)
  - Moya (~> 11.0)
  - RealmSwift
  - SwiftMessages
  - SwiftyJSON (~> 4.0)

SPEC REPOS:
  https://github.com/cocoapods/specs.git:
    - Alamofire
    - Moya
    - Realm
    - RealmSwift
    - Result
    - SwiftMessages
    - SwiftyJSON

SPEC CHECKSUMS:
  Alamofire: e4fa87002c137ba2d8d634d2c51fabcda0d5c223
  Moya: a725035953bc1c0eb1be505ab903984501d82440
  Realm: 0378021c424e4e2bd6a0e63b27881e929d9b9ad1
  RealmSwift: 3322562622fda2ad596985ead4d8d8be30cf838c
  Result: d2d07204ce72856f1fd9130bbe42c35a7b0fea10
  SwiftMessages: d81f48c1f8b6bc1dbebdfffe11226f0344f937ca
  SwiftyJSON: c29297daf073d2aa016295d5809cdd68045c39b3

PODFILE CHECKSUM: 59cab22a3b261143ea15aeb1b8e7e2b3e9521783

COCOAPODS: 1.5.2
